// !$*UTF8*$!
{
	archiveVersion = 1;
	classes = {
	};
	objectVersion = 56;
	objects = {

/* Begin PBXBuildFile section */
		312C311B2A117842008E1A93 /* DisjointSet.cpp in Sources */ = {isa = PBXBuildFile; fileRef = 312C31192A117842008E1A93 /* DisjointSet.cpp */; };
		312C4F632A1115FE00C91CB9 /* Edge.cpp in Sources */ = {isa = PBXBuildFile; fileRef = 312C4F612A1115FE00C91CB9 /* Edge.cpp */; };
		312C4F662A1117A900C91CB9 /* MSTAlgorithm.cpp in Sources */ = {isa = PBXBuildFile; fileRef = 312C4F642A1117A900C91CB9 /* MSTAlgorithm.cpp */; };
		317CE6262A104ADC0043906E /* AdjMatrixGraph.cpp in Sources */ = {isa = PBXBuildFile; fileRef = 317CE6242A104ADC0043906E /* AdjMatrixGraph.cpp */; };
		317CE62D2A1067B40043906E /* AdjListGraph.cpp in Sources */ = {isa = PBXBuildFile; fileRef = 317CE62B2A1067B40043906E /* AdjListGraph.cpp */; };
		317CE62F2A1109910043906E /* main.cpp in Sources */ = {isa = PBXBuildFile; fileRef = 317CE62E2A1109910043906E /* main.cpp */; };
		3189C0522A1FB6110062FC6D /* EdgeList.cpp in Sources */ = {isa = PBXBuildFile; fileRef = 3189C0502A1FB6110062FC6D /* EdgeList.cpp */; };
		3189C05C2A1FCEDA0062FC6D /* ShortestPath.cpp in Sources */ = {isa = PBXBuildFile; fileRef = 3189C05A2A1FCEDA0062FC6D /* ShortestPath.cpp */; };
/* End PBXBuildFile section */

/* Begin PBXCopyFilesBuildPhase section */
		317CE6052A0FEBC70043906E /* CopyFiles */ = {
			isa = PBXCopyFilesBuildPhase;
			buildActionMask = 2147483647;
			dstPath = /usr/share/man/man1/;
			dstSubfolderSpec = 0;
			files = (
			);
			runOnlyForDeploymentPostprocessing = 1;
		};
/* End PBXCopyFilesBuildPhase section */

/* Begin PBXFileReference section */
		310304C72A1321EC00E3F041 /* dane_mst.txt */ = {isa = PBXFileReference; fileEncoding = 4; lastKnownFileType = text; path = dane_mst.txt; sourceTree = "<group>"; };
		310304C82A1321EC00E3F041 /* dane_mst2.txt */ = {isa = PBXFileReference; fileEncoding = 4; lastKnownFileType = text; path = dane_mst2.txt; sourceTree = "<group>"; };
		312C31192A117842008E1A93 /* DisjointSet.cpp */ = {isa = PBXFileReference; lastKnownFileType = sourcecode.cpp.cpp; path = DisjointSet.cpp; sourceTree = "<group>"; };
		312C311A2A117842008E1A93 /* DisjointSet.hpp */ = {isa = PBXFileReference; lastKnownFileType = sourcecode.cpp.h; path = DisjointSet.hpp; sourceTree = "<group>"; };
		312C4F612A1115FE00C91CB9 /* Edge.cpp */ = {isa = PBXFileReference; lastKnownFileType = sourcecode.cpp.cpp; name = Edge.cpp; path = Grafy/Edge.cpp; sourceTree = "<group>"; };
		312C4F622A1115FE00C91CB9 /* Edge.hpp */ = {isa = PBXFileReference; lastKnownFileType = sourcecode.cpp.h; name = Edge.hpp; path = Grafy/Edge.hpp; sourceTree = "<group>"; };
		312C4F642A1117A900C91CB9 /* MSTAlgorithm.cpp */ = {isa = PBXFileReference; lastKnownFileType = sourcecode.cpp.cpp; path = MSTAlgorithm.cpp; sourceTree = "<group>"; };
		312C4F652A1117A900C91CB9 /* MSTAlgorithm.hpp */ = {isa = PBXFileReference; lastKnownFileType = sourcecode.cpp.h; path = MSTAlgorithm.hpp; sourceTree = "<group>"; };
		317CE6072A0FEBC70043906E /* sdizo2 */ = {isa = PBXFileReference; explicitFileType = "compiled.mach-o.executable"; includeInIndex = 0; path = sdizo2; sourceTree = BUILT_PRODUCTS_DIR; };
		317CE6242A104ADC0043906E /* AdjMatrixGraph.cpp */ = {isa = PBXFileReference; lastKnownFileType = sourcecode.cpp.cpp; path = AdjMatrixGraph.cpp; sourceTree = "<group>"; };
		317CE6252A104ADC0043906E /* AdjMatrixGraph.hpp */ = {isa = PBXFileReference; lastKnownFileType = sourcecode.cpp.h; path = AdjMatrixGraph.hpp; sourceTree = "<group>"; };
		317CE62B2A1067B40043906E /* AdjListGraph.cpp */ = {isa = PBXFileReference; lastKnownFileType = sourcecode.cpp.cpp; path = AdjListGraph.cpp; sourceTree = "<group>"; };
		317CE62C2A1067B40043906E /* AdjListGraph.hpp */ = {isa = PBXFileReference; lastKnownFileType = sourcecode.cpp.h; path = AdjListGraph.hpp; sourceTree = "<group>"; };
		317CE62E2A1109910043906E /* main.cpp */ = {isa = PBXFileReference; lastKnownFileType = sourcecode.cpp.cpp; path = main.cpp; sourceTree = "<group>"; };
		3189C0502A1FB6110062FC6D /* EdgeList.cpp */ = {isa = PBXFileReference; lastKnownFileType = sourcecode.cpp.cpp; path = EdgeList.cpp; sourceTree = "<group>"; };
		3189C0512A1FB6110062FC6D /* EdgeList.hpp */ = {isa = PBXFileReference; lastKnownFileType = sourcecode.cpp.h; path = EdgeList.hpp; sourceTree = "<group>"; };
		3189C05A2A1FCEDA0062FC6D /* ShortestPath.cpp */ = {isa = PBXFileReference; lastKnownFileType = sourcecode.cpp.cpp; path = ShortestPath.cpp; sourceTree = "<group>"; };
		3189C05B2A1FCEDA0062FC6D /* ShortestPath.hpp */ = {isa = PBXFileReference; lastKnownFileType = sourcecode.cpp.h; path = ShortestPath.hpp; sourceTree = "<group>"; };
		3189C05D2A1FE4FA0062FC6D /* dane_droga_sk2.txt */ = {isa = PBXFileReference; fileEncoding = 4; lastKnownFileType = text; path = dane_droga_sk2.txt; sourceTree = "<group>"; };
		3189C05E2A1FE4FA0062FC6D /* dane_droga_sk1.txt */ = {isa = PBXFileReference; fileEncoding = 4; lastKnownFileType = text; path = dane_droga_sk1.txt; sourceTree = "<group>"; };
		3189C0602A22140A0062FC6D /* dane_droga_sk_BF.txt */ = {isa = PBXFileReference; fileEncoding = 4; lastKnownFileType = text; path = dane_droga_sk_BF.txt; sourceTree = "<group>"; };
/* End PBXFileReference section */

/* Begin PBXFrameworksBuildPhase section */
		317CE6042A0FEBC70043906E /* Frameworks */ = {
			isa = PBXFrameworksBuildPhase;
			buildActionMask = 2147483647;
			files = (
			);
			runOnlyForDeploymentPostprocessing = 0;
		};
/* End PBXFrameworksBuildPhase section */

/* Begin PBXGroup section */
		310304C62A131E9400E3F041 /* pliki */ = {
			isa = PBXGroup;
			children = (
				3189C0602A22140A0062FC6D /* dane_droga_sk_BF.txt */,
				3189C05E2A1FE4FA0062FC6D /* dane_droga_sk1.txt */,
				3189C05D2A1FE4FA0062FC6D /* dane_droga_sk2.txt */,
				310304C72A1321EC00E3F041 /* dane_mst.txt */,
				310304C82A1321EC00E3F041 /* dane_mst2.txt */,
			);
			path = pliki;
			sourceTree = "<group>";
		};
		312C31182A117818008E1A93 /* DisjointSet */ = {
			isa = PBXGroup;
			children = (
				312C31192A117842008E1A93 /* DisjointSet.cpp */,
				312C311A2A117842008E1A93 /* DisjointSet.hpp */,
			);
			path = DisjointSet;
			sourceTree = "<group>";
		};
		317CE5FE2A0FEBC70043906E = {
			isa = PBXGroup;
			children = (
				317CE6092A0FEBC70043906E /* sdizo2 */,
				317CE6082A0FEBC70043906E /* Products */,
			);
			sourceTree = "<group>";
		};
		317CE6082A0FEBC70043906E /* Products */ = {
			isa = PBXGroup;
			children = (
				317CE6072A0FEBC70043906E /* sdizo2 */,
			);
			name = Products;
			sourceTree = "<group>";
		};
		317CE6092A0FEBC70043906E /* sdizo2 */ = {
			isa = PBXGroup;
			children = (
				3189C0592A1FCEC80062FC6D /* ShortestPath */,
				310304C62A131E9400E3F041 /* pliki */,
				317CE62E2A1109910043906E /* main.cpp */,
				317CE6122A0FEDEC0043906E /* Struktury */,
				317CE6112A0FEDCF0043906E /* MST */,
			);
			path = sdizo2;
			sourceTree = "<group>";
		};
		317CE6112A0FEDCF0043906E /* MST */ = {
			isa = PBXGroup;
			children = (
				312C4F642A1117A900C91CB9 /* MSTAlgorithm.cpp */,
				312C4F652A1117A900C91CB9 /* MSTAlgorithm.hpp */,
			);
			path = MST;
			sourceTree = "<group>";
		};
		317CE6122A0FEDEC0043906E /* Struktury */ = {
			isa = PBXGroup;
			children = (
				312C31182A117818008E1A93 /* DisjointSet */,
				317CE6272A104C010043906E /* Grafy */,
				312C4F612A1115FE00C91CB9 /* Edge.cpp */,
				312C4F622A1115FE00C91CB9 /* Edge.hpp */,
			);
			path = Struktury;
			sourceTree = "<group>";
		};
		317CE6272A104C010043906E /* Grafy */ = {
			isa = PBXGroup;
			children = (
				3189C04F2A1FB4070062FC6D /* ListaKrawedzi */,
				317CE62A2A1067A10043906E /* ListaS */,
				317CE6292A1067900043906E /* MacierzS */,
			);
			path = Grafy;
			sourceTree = "<group>";
		};
		317CE6292A1067900043906E /* MacierzS */ = {
			isa = PBXGroup;
			children = (
				317CE6242A104ADC0043906E /* AdjMatrixGraph.cpp */,
				317CE6252A104ADC0043906E /* AdjMatrixGraph.hpp */,
			);
			path = MacierzS;
			sourceTree = "<group>";
		};
		317CE62A2A1067A10043906E /* ListaS */ = {
			isa = PBXGroup;
			children = (
				317CE62B2A1067B40043906E /* AdjListGraph.cpp */,
				317CE62C2A1067B40043906E /* AdjListGraph.hpp */,
			);
			path = ListaS;
			sourceTree = "<group>";
		};
		3189C04F2A1FB4070062FC6D /* ListaKrawedzi */ = {
			isa = PBXGroup;
			children = (
				3189C0502A1FB6110062FC6D /* EdgeList.cpp */,
				3189C0512A1FB6110062FC6D /* EdgeList.hpp */,
			);
			path = ListaKrawedzi;
			sourceTree = "<group>";
		};
		3189C0592A1FCEC80062FC6D /* ShortestPath */ = {
			isa = PBXGroup;
			children = (
				3189C05A2A1FCEDA0062FC6D /* ShortestPath.cpp */,
				3189C05B2A1FCEDA0062FC6D /* ShortestPath.hpp */,
			);
			path = ShortestPath;
			sourceTree = "<group>";
		};
/* End PBXGroup section */

/* Begin PBXNativeTarget section */
		317CE6062A0FEBC70043906E /* sdizo2 */ = {
			isa = PBXNativeTarget;
			buildConfigurationList = 317CE60E2A0FEBC70043906E /* Build configuration list for PBXNativeTarget "sdizo2" */;
			buildPhases = (
				317CE6032A0FEBC70043906E /* Sources */,
				317CE6042A0FEBC70043906E /* Frameworks */,
				317CE6052A0FEBC70043906E /* CopyFiles */,
			);
			buildRules = (
			);
			dependencies = (
			);
			name = sdizo2;
			productName = sdizo2;
			productReference = 317CE6072A0FEBC70043906E /* sdizo2 */;
			productType = "com.apple.product-type.tool";
		};
/* End PBXNativeTarget section */

/* Begin PBXProject section */
		317CE5FF2A0FEBC70043906E /* Project object */ = {
			isa = PBXProject;
			attributes = {
				BuildIndependentTargetsInParallel = 1;
				LastUpgradeCheck = 1420;
				TargetAttributes = {
					317CE6062A0FEBC70043906E = {
						CreatedOnToolsVersion = 14.2;
					};
				};
			};
			buildConfigurationList = 317CE6022A0FEBC70043906E /* Build configuration list for PBXProject "sdizo2" */;
			compatibilityVersion = "Xcode 14.0";
			developmentRegion = en;
			hasScannedForEncodings = 0;
			knownRegions = (
				en,
				Base,
			);
			mainGroup = 317CE5FE2A0FEBC70043906E;
			productRefGroup = 317CE6082A0FEBC70043906E /* Products */;
			projectDirPath = "";
			projectRoot = "";
			targets = (
				317CE6062A0FEBC70043906E /* sdizo2 */,
			);
		};
/* End PBXProject section */

/* Begin PBXSourcesBuildPhase section */
		317CE6032A0FEBC70043906E /* Sources */ = {
			isa = PBXSourcesBuildPhase;
			buildActionMask = 2147483647;
			files = (
				312C311B2A117842008E1A93 /* DisjointSet.cpp in Sources */,
				312C4F632A1115FE00C91CB9 /* Edge.cpp in Sources */,
				3189C05C2A1FCEDA0062FC6D /* ShortestPath.cpp in Sources */,
				317CE62D2A1067B40043906E /* AdjListGraph.cpp in Sources */,
				312C4F662A1117A900C91CB9 /* MSTAlgorithm.cpp in Sources */,
				317CE62F2A1109910043906E /* main.cpp in Sources */,
				317CE6262A104ADC0043906E /* AdjMatrixGraph.cpp in Sources */,
				3189C0522A1FB6110062FC6D /* EdgeList.cpp in Sources */,
			);
			runOnlyForDeploymentPostprocessing = 0;
		};
/* End PBXSourcesBuildPhase section */

/* Begin XCBuildConfiguration section */
		317CE60C2A0FEBC70043906E /* Debug */ = {
			isa = XCBuildConfiguration;
			buildSettings = {
				ALWAYS_SEARCH_USER_PATHS = NO;
				CLANG_ANALYZER_NONNULL = YES;
				CLANG_ANALYZER_NUMBER_OBJECT_CONVERSION = YES_AGGRESSIVE;
				CLANG_CXX_LANGUAGE_STANDARD = "gnu++20";
				CLANG_ENABLE_MODULES = YES;
				CLANG_ENABLE_OBJC_ARC = YES;
				CLANG_ENABLE_OBJC_WEAK = YES;
				CLANG_WARN_BLOCK_CAPTURE_AUTORELEASING = YES;
				CLANG_WARN_BOOL_CONVERSION = YES;
				CLANG_WARN_COMMA = YES;
				CLANG_WARN_CONSTANT_CONVERSION = YES;
				CLANG_WARN_DEPRECATED_OBJC_IMPLEMENTATIONS = YES;
				CLANG_WARN_DIRECT_OBJC_ISA_USAGE = YES_ERROR;
				CLANG_WARN_DOCUMENTATION_COMMENTS = YES;
				CLANG_WARN_EMPTY_BODY = YES;
				CLANG_WARN_ENUM_CONVERSION = YES;
				CLANG_WARN_INFINITE_RECURSION = YES;
				CLANG_WARN_INT_CONVERSION = YES;
				CLANG_WARN_NON_LITERAL_NULL_CONVERSION = YES;
				CLANG_WARN_OBJC_IMPLICIT_RETAIN_SELF = YES;
				CLANG_WARN_OBJC_LITERAL_CONVERSION = YES;
				CLANG_WARN_OBJC_ROOT_CLASS = YES_ERROR;
				CLANG_WARN_QUOTED_INCLUDE_IN_FRAMEWORK_HEADER = YES;
				CLANG_WARN_RANGE_LOOP_ANALYSIS = YES;
				CLANG_WARN_STRICT_PROTOTYPES = YES;
				CLANG_WARN_SUSPICIOUS_MOVE = YES;
				CLANG_WARN_UNGUARDED_AVAILABILITY = YES_AGGRESSIVE;
				CLANG_WARN_UNREACHABLE_CODE = YES;
				CLANG_WARN__DUPLICATE_METHOD_MATCH = YES;
				COPY_PHASE_STRIP = NO;
				DEAD_CODE_STRIPPING = YES;
				DEBUG_INFORMATION_FORMAT = dwarf;
				ENABLE_STRICT_OBJC_MSGSEND = YES;
				ENABLE_TESTABILITY = YES;
				GCC_C_LANGUAGE_STANDARD = gnu11;
				GCC_DYNAMIC_NO_PIC = NO;
				GCC_NO_COMMON_BLOCKS = YES;
				GCC_OPTIMIZATION_LEVEL = 0;
				GCC_PREPROCESSOR_DEFINITIONS = (
					"DEBUG=1",
					"$(inherited)",
				);
				GCC_WARN_64_TO_32_BIT_CONVERSION = YES;
				GCC_WARN_ABOUT_RETURN_TYPE = YES_ERROR;
				GCC_WARN_UNDECLARED_SELECTOR = YES;
				GCC_WARN_UNINITIALIZED_AUTOS = YES_AGGRESSIVE;
				GCC_WARN_UNUSED_FUNCTION = YES;
				GCC_WARN_UNUSED_VARIABLE = YES;
				MACOSX_DEPLOYMENT_TARGET = 13.1;
				MTL_ENABLE_DEBUG_INFO = INCLUDE_SOURCE;
				MTL_FAST_MATH = YES;
				ONLY_ACTIVE_ARCH = YES;
				SDKROOT = macosx;
			};
			name = Debug;
		};
		317CE60D2A0FEBC70043906E /* Release */ = {
			isa = XCBuildConfiguration;
			buildSettings = {
				ALWAYS_SEARCH_USER_PATHS = NO;
				CLANG_ANALYZER_NONNULL = YES;
				CLANG_ANALYZER_NUMBER_OBJECT_CONVERSION = YES_AGGRESSIVE;
				CLANG_CXX_LANGUAGE_STANDARD = "gnu++20";
				CLANG_ENABLE_MODULES = YES;
				CLANG_ENABLE_OBJC_ARC = YES;
				CLANG_ENABLE_OBJC_WEAK = YES;
				CLANG_WARN_BLOCK_CAPTURE_AUTORELEASING = YES;
				CLANG_WARN_BOOL_CONVERSION = YES;
				CLANG_WARN_COMMA = YES;
				CLANG_WARN_CONSTANT_CONVERSION = YES;
				CLANG_WARN_DEPRECATED_OBJC_IMPLEMENTATIONS = YES;
				CLANG_WARN_DIRECT_OBJC_ISA_USAGE = YES_ERROR;
				CLANG_WARN_DOCUMENTATION_COMMENTS = YES;
				CLANG_WARN_EMPTY_BODY = YES;
				CLANG_WARN_ENUM_CONVERSION = YES;
				CLANG_WARN_INFINITE_RECURSION = YES;
				CLANG_WARN_INT_CONVERSION = YES;
				CLANG_WARN_NON_LITERAL_NULL_CONVERSION = YES;
				CLANG_WARN_OBJC_IMPLICIT_RETAIN_SELF = YES;
				CLANG_WARN_OBJC_LITERAL_CONVERSION = YES;
				CLANG_WARN_OBJC_ROOT_CLASS = YES_ERROR;
				CLANG_WARN_QUOTED_INCLUDE_IN_FRAMEWORK_HEADER = YES;
				CLANG_WARN_RANGE_LOOP_ANALYSIS = YES;
				CLANG_WARN_STRICT_PROTOTYPES = YES;
				CLANG_WARN_SUSPICIOUS_MOVE = YES;
				CLANG_WARN_UNGUARDED_AVAILABILITY = YES_AGGRESSIVE;
				CLANG_WARN_UNREACHABLE_CODE = YES;
				CLANG_WARN__DUPLICATE_METHOD_MATCH = YES;
				COPY_PHASE_STRIP = NO;
				DEAD_CODE_STRIPPING = YES;
				DEBUG_INFORMATION_FORMAT = "dwarf-with-dsym";
				ENABLE_NS_ASSERTIONS = NO;
				ENABLE_STRICT_OBJC_MSGSEND = YES;
				ENABLE_TESTABILITY = NO;
				GCC_C_LANGUAGE_STANDARD = gnu11;
				GCC_NO_COMMON_BLOCKS = YES;
				GCC_WARN_64_TO_32_BIT_CONVERSION = YES;
				GCC_WARN_ABOUT_RETURN_TYPE = YES_ERROR;
				GCC_WARN_UNDECLARED_SELECTOR = YES;
				GCC_WARN_UNINITIALIZED_AUTOS = YES_AGGRESSIVE;
				GCC_WARN_UNUSED_FUNCTION = YES;
				GCC_WARN_UNUSED_VARIABLE = YES;
				MACOSX_DEPLOYMENT_TARGET = 13.1;
				MTL_ENABLE_DEBUG_INFO = NO;
				MTL_FAST_MATH = YES;
				SDKROOT = macosx;
			};
			name = Release;
		};
		317CE60F2A0FEBC70043906E /* Debug */ = {
			isa = XCBuildConfiguration;
			buildSettings = {
				CODE_SIGN_IDENTITY = "-";
				CODE_SIGN_STYLE = Automatic;
				DEAD_CODE_STRIPPING = YES;
				DEVELOPMENT_TEAM = M24BUWBX5F;
				ENABLE_HARDENED_RUNTIME = YES;
				ENABLE_TESTABILITY = YES;
				GCC_NO_COMMON_BLOCKS = YES;
				PRODUCT_NAME = "$(TARGET_NAME)";
			};
			name = Debug;
		};
		317CE6102A0FEBC70043906E /* Release */ = {
			isa = XCBuildConfiguration;
			buildSettings = {
				CODE_SIGN_IDENTITY = "-";
				CODE_SIGN_STYLE = Automatic;
				DEAD_CODE_STRIPPING = YES;
				DEVELOPMENT_TEAM = M24BUWBX5F;
				ENABLE_HARDENED_RUNTIME = YES;
				ENABLE_TESTABILITY = NO;
				GCC_NO_COMMON_BLOCKS = YES;
				PRODUCT_NAME = "$(TARGET_NAME)";
			};
			name = Release;
		};
/* End XCBuildConfiguration section */

/* Begin XCConfigurationList section */
		317CE6022A0FEBC70043906E /* Build configuration list for PBXProject "sdizo2" */ = {
			isa = XCConfigurationList;
			buildConfigurations = (
				317CE60C2A0FEBC70043906E /* Debug */,
				317CE60D2A0FEBC70043906E /* Release */,
			);
			defaultConfigurationIsVisible = 0;
			defaultConfigurationName = Release;
		};
		317CE60E2A0FEBC70043906E /* Build configuration list for PBXNativeTarget "sdizo2" */ = {
			isa = XCConfigurationList;
			buildConfigurations = (
				317CE60F2A0FEBC70043906E /* Debug */,
				317CE6102A0FEBC70043906E /* Release */,
			);
			defaultConfigurationIsVisible = 0;
			defaultConfigurationName = Release;
		};
/* End XCConfigurationList section */
	};
	rootObject = 317CE5FF2A0FEBC70043906E /* Project object */;
}
